{
  "requires": true,
  "lockfileVersion": 1,
  "dependencies": {
    "@prismicio/client": {
      "version": "5.1.0",
      "resolved": "https://registry.npmjs.org/@prismicio/client/-/client-5.1.0.tgz",
      "integrity": "sha512-LCb+arVVxJOoPM+8qfLCC/Dqse7mh+Q1k3oo5W5Uzu7vVO+vtc7CUYHxgCDkvekakYHc9407kwWu65ErZw+CPQ==",
      "requires": {
        "cross-fetch": "^3.0.6"
      }
    },
    "@prismicio/helpers": {
      "version": "2.0.0",
      "resolved": "https://registry.npmjs.org/@prismicio/helpers/-/helpers-2.0.0.tgz",
      "integrity": "sha512-8xnK2pj+us935wAvJvPdk4o6Zhn/z99aUWwaGYJBbNqQy8x0pahgXY1L3l6s6+9xcEdJy6kKL8IfvFS6U0tpXg==",
      "requires": {
        "@prismicio/richtext": "^2.0.0-beta.3",
        "@prismicio/types": "^0.1.20",
        "escape-html": "^1.0.3"
      },
      "dependencies": {
        "@prismicio/richtext": {
          "version": "2.0.0",
          "resolved": "https://registry.npmjs.org/@prismicio/richtext/-/richtext-2.0.0.tgz",
          "integrity": "sha512-XH2DJZUz0LEHO45UmZsabUKuHB+kHGqORLp5fYJ+RlpmRBcKowjI9hcQZqS/rvWMTY/l948yJvy0/MlCIiLz6w==",
          "requires": {
            "@prismicio/types": "^0.1.19"
          }
        }
      }
    },
    "@prismicio/richtext": {
      "version": "1.1.0",
      "resolved": "https://registry.npmjs.org/@prismicio/richtext/-/richtext-1.1.0.tgz",
      "integrity": "sha512-925JuFiZiIkwu9jmlR9O/U8xCSZk/Y6BQDXKpavoVsKo+n90ml1hGdtWkglIupX+ITQO1ZINyDgUgiY1oG9dsA=="
    },
    "@prismicio/types": {
      "version": "0.1.21",
      "resolved": "https://registry.npmjs.org/@prismicio/types/-/types-0.1.21.tgz",
      "integrity": "sha512-TMO4zpHlBFdvULDU5KQxeHOkI72lCkEKT3YwKhqiaiQWRVp7s3w27mXHjOWVBOlH/2qrzck219O84zBE6HzaMg=="
    },
    "cross-fetch": {
      "version": "3.1.4",
      "resolved": "https://registry.npmjs.org/cross-fetch/-/cross-fetch-3.1.4.tgz",
      "integrity": "sha512-1eAtFWdIubi6T4XPy6ei9iUFoKpUkIF971QLN8lIvvvwueI65+Nw5haMNKUwfJxabqlIIDODJKGrQ66gxC0PbQ==",
      "requires": {
        "node-fetch": "2.6.1"
      }
    },
    "escape-html": {
      "version": "1.0.3",
      "resolved": "https://registry.npmjs.org/escape-html/-/escape-html-1.0.3.tgz",
      "integrity": "sha1-Aljq5NPQwJdN4cFpGI7wBR0dGYg="
    },
    "node-fetch": {
      "version": "2.6.1",
      "resolved": "https://registry.npmjs.org/node-fetch/-/node-fetch-2.6.1.tgz",
      "integrity": "sha512-V4aYg89jEoVRxRb2fJdAg8FHvI7cEyYdVAh94HH0UIK8oJxUfkjlDQN9RbMx+bEjP7+ggMiFRprSti032Oipxw=="
    },
    "prismic-dom": {
      "version": "2.2.7",
      "resolved": "https://registry.npmjs.org/prismic-dom/-/prismic-dom-2.2.7.tgz",
      "integrity": "sha512-4rJWzBqq/6h15giAzB6L8+eaWLQJrQcM4EAicmtw3mI8DhussbJOgheTeFtTCgvO7e5QEjZA0he5gEbQYfKGmg==",
      "requires": {
        "@prismicio/helpers": "^1.0.4",
        "@prismicio/richtext": "^1.1.0",
        "escape-html": "1.0.3"
      },
      "dependencies": {
        "@prismicio/helpers": {
          "version": "1.1.1",
          "resolved": "https://registry.npmjs.org/@prismicio/helpers/-/helpers-1.1.1.tgz",
          "integrity": "sha512-ZwOUAZeV7P7bxfkyfZN6inzXOBbgojJUzOpqrF5/4bv8TgZ43x4p5NCqyOS7wieQf5BM9h2r4AFW0QTpeR581w=="
        }
      }
    }
  }
}
